
Microsoft Visual Studio Solution File, Format Version 12.00
# Visual Studio Version 16
VisualStudioVersion = 16.0.30114.105
MinimumVisualStudioVersion = 10.0.40219.1
Project("{FAE04EC0-301F-11D3-BF4B-00C04F79EFBC}") = "bragapi", "bragapi\bragapi.csproj", "{6004BE1C-1B02-4A30-AC01-F942BA53833B}"
EndProject
Project("{FAE04EC0-301F-11D3-BF4B-00C04F79EFBC}") = "bragapi-tests", "bragapi-tests\bragapi-tests.csproj", "{27F5194F-B9B6-442F-AF1D-8B63F4857D8B}"
EndProject
Global
	GlobalSection(SolutionConfigurationPlatforms) = preSolution
		Debug|Any CPU = Debug|Any CPU
		Release|Any CPU = Release|Any CPU
	EndGlobalSection
	GlobalSection(SolutionProperties) = preSolution
		HideSolutionNode = FALSE
	EndGlobalSection
	GlobalSection(ProjectConfigurationPlatforms) = postSolution
		{6004BE1C-1B02-4A30-AC01-F942BA53833B}.Debug|Any CPU.ActiveCfg = Debug|Any CPU
		{6004BE1C-1B02-4A30-AC01-F942BA53833B}.Debug|Any CPU.Build.0 = Debug|Any CPU
		{6004BE1C-1B02-4A30-AC01-F942BA53833B}.Release|Any CPU.ActiveCfg = Release|Any CPU
		{6004BE1C-1B02-4A30-AC01-F942BA53833B}.Release|Any CPU.Build.0 = Release|Any CPU
		{27F5194F-B9B6-442F-AF1D-8B63F4857D8B}.Debug|Any CPU.ActiveCfg = Debug|Any CPU
		{27F5194F-B9B6-442F-AF1D-8B63F4857D8B}.Debug|Any CPU.Build.0 = Debug|Any CPU
		{27F5194F-B9B6-442F-AF1D-8B63F4857D8B}.Release|Any CPU.ActiveCfg = Release|Any CPU
		{27F5194F-B9B6-442F-AF1D-8B63F4857D8B}.Release|Any CPU.Build.0 = Release|Any CPU
	EndGlobalSection
EndGlobal
